{
    "_readme": [
        "This file locks the dependencies of your project to a known state",
        "Read more about it at https://getcomposer.org/doc/01-basic-usage.md#composer-lock-the-lock-file",
        "This file is @generated automatically"
    ],
    "content-hash": "761cdbb507a6bcf5e0700adb4e26063e",
    "packages": [
        {
            "name": "bower-asset/bootstrap",
            "version": "v3.3.7",
            "source": {
                "type": "git",
                "url": "https://github.com/twbs/bootstrap.git",
                "reference": "0b9c4a4007c44201dce9a6cc1a38407005c26c86"
            },
            "dist": {
                "type": "zip",
                "url": "https://api.github.com/repos/twbs/bootstrap/zipball/0b9c4a4007c44201dce9a6cc1a38407005c26c86",
                "reference": "0b9c4a4007c44201dce9a6cc1a38407005c26c86",
                "shasum": ""
            },
            "require": {
                "bower-asset/jquery": ">=1.9.1,<4.0"
            },
            "type": "bower-asset-library",
            "extra": {
                "bower-asset-main": [
                    "less/bootstrap.less",
                    "dist/js/bootstrap.js"
                ],
                "bower-asset-ignore": [
                    "/.*",
                    "_config.yml",
                    "CNAME",
                    "composer.json",
                    "CONTRIBUTING.md",
                    "docs",
                    "js/tests",
                    "test-infra"
                ]
            },
            "license": [
                "MIT"
            ],
            "description": "The most popular front-end framework for developing responsive, mobile first projects on the web.",
            "keywords": [
                "css",
                "framework",
                "front-end",
                "js",
                "less",
                "mobile-first",
                "responsive",
                "web"
            ]
        },
        {
            "name": "bower-asset/html5shiv",
            "version": "3.7.3",
            "source": {
                "type": "git",
                "url": "https://github.com/aFarkas/html5shiv.git",
                "reference": "ed28c56c071bddfe7d635ad88995674957a016be"
            },
            "dist": {
                "type": "zip",
                "url": "https://api.github.com/repos/aFarkas/html5shiv/zipball/ed28c56c071bddfe7d635ad88995674957a016be",
                "reference": "ed28c56c071bddfe7d635ad88995674957a016be",
                "shasum": ""
            },
            "type": "bower-asset-library",
            "extra": {
                "bower-asset-main": [
                    "dist/html5shiv.js"
                ],
                "bower-asset-ignore": [
                    "**/.*",
                    "composer.json",
                    "test",
                    "build",
                    "src",
                    "build.xml"
                ]
            }
        },
        {
            "name": "bower-asset/jquery",
            "version": "3.2.1",
            "source": {
                "type": "git",
                "url": "https://github.com/jquery/jquery-dist.git",
                "reference": "77d2a51d0520d2ee44173afdf4e40a9201f5964e"
            },
            "dist": {
                "type": "zip",
                "url": "https://api.github.com/repos/jquery/jquery-dist/zipball/77d2a51d0520d2ee44173afdf4e40a9201f5964e",
                "reference": "77d2a51d0520d2ee44173afdf4e40a9201f5964e",
                "shasum": ""
            },
            "type": "bower-asset-library",
            "extra": {
                "bower-asset-main": "dist/jquery.js",
                "bower-asset-ignore": [
                    "package.json"
                ]
            },
            "license": [
                "MIT"
            ],
            "keywords": [
                "browser",
                "javascript",
                "jquery",
                "library"
            ]
        },
        {
            "name": "bower-asset/normalize.css",
            "version": "3.0.3",
            "source": {
                "type": "git",
                "url": "https://github.com/necolas/normalize.css.git",
                "reference": "2bdda84272650aedfb45d8abe11a6d177933a803"
            },
            "dist": {
                "type": "zip",
                "url": "https://api.github.com/repos/necolas/normalize.css/zipball/2bdda84272650aedfb45d8abe11a6d177933a803",
                "reference": "2bdda84272650aedfb45d8abe11a6d177933a803",
                "shasum": ""
            },
            "type": "bower-asset-library",
            "extra": {
                "bower-asset-main": "normalize.css",
                "bower-asset-ignore": [
                    "CHANGELOG.md",
                    "CONTRIBUTING.md",
                    "component.json",
                    "package.json",
                    "test.html"
                ]
            }
        },
        {
            "name": "bower-asset/respond",
            "version": "1.4.2",
            "source": {
                "type": "git",
                "url": "https://github.com/scottjehl/Respond.git",
                "reference": "20b7f4a192bb910c8c7e067b961de38519d334e4"
            },
            "dist": {
                "type": "zip",
                "url": "https://api.github.com/repos/scottjehl/Respond/zipball/20b7f4a192bb910c8c7e067b961de38519d334e4",
                "reference": "20b7f4a192bb910c8c7e067b961de38519d334e4",
                "shasum": ""
            },
            "type": "bower-asset-library",
            "extra": {
                "bower-asset-main": "dest/respond.src.js",
                "bower-asset-ignore": [
                    "**/.*",
                    "test"
                ]
            },
            "description": "Fast and lightweight polyfill for min/max-width CSS3 Media Queries (for IE 6-8, and more)"
        },
        {
            "name": "bower-asset/semantic",
            "version": "2.2.13",
            "source": {
                "type": "git",
                "url": "https://github.com/Semantic-Org/Semantic-UI.git",
                "reference": "5550bca6afe30aa5ba4b1a5a853c91e358ab4a5d"
            },
            "dist": {
                "type": "zip",
                "url": "https://api.github.com/repos/Semantic-Org/Semantic-UI/zipball/5550bca6afe30aa5ba4b1a5a853c91e358ab4a5d",
                "reference": "5550bca6afe30aa5ba4b1a5a853c91e358ab4a5d",
                "shasum": ""
            },
            "require": {
                "bower-asset/jquery": ">=1.8"
            },
            "type": "bower-asset-library",
            "extra": {
                "bower-asset-main": [
                    "src/semantic.less",
                    "dist/semantic.js"
                ],
                "bower-asset-ignore": [
                    "src/site",
                    "test"
                ]
            },
            "license": [
                "MIT"
            ],
            "description": "Semantic empowers designers and developers by creating a shared vocabulary for UI.",
            "keywords": [
                "css3",
                "framework",
                "semantic",
                "ui"
            ]
        },
        {
            "name": "composer/installers",
            "version": "v1.4.0",
            "source": {
                "type": "git",
                "url": "https://github.com/composer/installers.git",
                "reference": "9ce17fb70e9a38dd8acff0636a29f5cf4d575c1b"
            },
            "dist": {
                "type": "zip",
                "url": "https://api.github.com/repos/composer/installers/zipball/9ce17fb70e9a38dd8acff0636a29f5cf4d575c1b",
                "reference": "9ce17fb70e9a38dd8acff0636a29f5cf4d575c1b",
                "shasum": ""
            },
            "require": {
                "composer-plugin-api": "^1.0"
            },
            "replace": {
                "roundcube/plugin-installer": "*",
                "shama/baton": "*"
            },
            "require-dev": {
                "composer/composer": "1.0.*@dev",
                "phpunit/phpunit": "4.1.*"
            },
            "type": "composer-plugin",
            "extra": {
                "class": "Composer\\Installers\\Plugin",
                "branch-alias": {
                    "dev-master": "1.0-dev"
                }
            },
            "autoload": {
                "psr-4": {
                    "Composer\\Installers\\": "src/Composer/Installers"
                }
            },
            "notification-url": "https://packagist.org/downloads/",
            "license": [
                "MIT"
            ],
            "authors": [
                {
                    "name": "Kyle Robinson Young",
                    "email": "kyle@dontkry.com",
                    "homepage": "https://github.com/shama"
                }
            ],
            "description": "A multi-framework Composer library installer",
            "homepage": "https://composer.github.io/installers/",
            "keywords": [
                "Craft",
                "Dolibarr",
                "Eliasis",
                "Hurad",
                "ImageCMS",
                "Kanboard",
                "Lan Management System",
                "MODX Evo",
                "Mautic",
                "Maya",
                "OXID",
                "Plentymarkets",
                "Porto",
                "RadPHP",
                "SMF",
                "Thelia",
                "WolfCMS",
                "agl",
                "aimeos",
                "annotatecms",
                "attogram",
                "bitrix",
                "cakephp",
                "chef",
                "cockpit",
                "codeigniter",
                "concrete5",
                "croogo",
                "dokuwiki",
                "drupal",
                "eZ Platform",
                "elgg",
                "expressionengine",
                "fuelphp",
                "grav",
                "installer",
                "itop",
                "joomla",
                "kohana",
                "laravel",
                "lavalite",
                "lithium",
                "magento",
                "mako",
                "mediawiki",
                "modulework",
                "moodle",
                "osclass",
                "phpbb",
                "piwik",
                "ppi",
                "puppet",
                "reindex",
                "roundcube",
                "shopware",
                "silverstripe",
                "sydes",
                "symfony",
                "typo3",
                "wordpress",
                "yawik",
                "zend",
                "zikula"
            ],
            "time": "2017-08-09T07:53:48+00:00"
        },
        {
            "name": "fxp/composer-asset-plugin",
            "version": "v1.3.1",
            "source": {
                "type": "git",
                "url": "https://github.com/fxpio/composer-asset-plugin.git",
                "reference": "0bfdd307d2cddbc42c634b14247f3f3a8525b836"
            },
            "dist": {
                "type": "zip",
                "url": "https://api.github.com/repos/fxpio/composer-asset-plugin/zipball/0bfdd307d2cddbc42c634b14247f3f3a8525b836",
                "reference": "0bfdd307d2cddbc42c634b14247f3f3a8525b836",
                "shasum": ""
            },
            "require": {
                "composer-plugin-api": "^1.0",
                "php": ">=5.3.3"
            },
            "require-dev": {
                "composer/composer": "^1.4.0"
            },
            "type": "composer-plugin",
            "extra": {
                "class": "Fxp\\Composer\\AssetPlugin\\FxpAssetPlugin",
                "branch-alias": {
                    "dev-master": "1.3-dev"
                }
            },
            "autoload": {
                "psr-4": {
                    "Fxp\\Composer\\AssetPlugin\\": ""
                },
                "exclude-from-classmap": [
                    "/Tests/"
                ]
            },
            "notification-url": "https://packagist.org/downloads/",
            "license": [
                "MIT"
            ],
            "authors": [
                {
                    "name": "François Pluchino",
                    "email": "francois.pluchino@gmail.com"
                }
            ],
            "description": "NPM/Bower Dependency Manager for Composer",
            "homepage": "https://github.com/fxpio/composer-asset-plugin",
            "keywords": [
                "asset",
                "bower",
                "composer",
                "dependency manager",
                "nodejs",
                "npm",
                "package"
            ],
            "time": "2017-04-09T11:49:10+00:00"
        },
        {
            "name": "salaros/mr-press-theme",
            "version": "0.6.2",
            "source": {
                "type": "git",
                "url": "https://github.com/salaros/mr-press-theme.git",
                "reference": "ce6c98a46ee14b554fc2efd7e76a6031180596c6"
            },
            "dist": {
                "type": "zip",
                "url": "https://api.github.com/repos/salaros/mr-press-theme/zipball/ce6c98a46ee14b554fc2efd7e76a6031180596c6",
                "reference": "ce6c98a46ee14b554fc2efd7e76a6031180596c6",
                "shasum": ""
            },
            "require": {
                "wpackagist-plugin/advanced-custom-fields": "*",
                "wpackagist-plugin/theme-my-login": "*",
                "wpackagist-plugin/timber-library": "*"
            },
            "type": "wordpress-theme",
            "extra": {
                "installer-paths": {
                    "../../plugins/{$name}/": [
                        "type:wordpress-plugin"
                    ]
                }
            },
            "autoload": {
                "psr-4": {
                    "Salaros\\Wordpress\\Template\\": "classes/"
                }
            },
            "notification-url": "https://packagist.org/downloads/",
            "license": [
                "MIT"
            ],
            "authors": [
                {
                    "name": "Upstatement team",
                    "homepage": "http://upstatement.com",
                    "role": "Author"
                },
                {
                    "name": "Zhmayev Yaroslav",
                    "email": "salaros@salaros.com",
                    "homepage": "https://github.com/salaros",
                    "role": "Developer"
                }
            ],
            "description": "Makes part of Mr. Press project. You should not change its code, please use 'mr-press-theme-child' instead",
            "time": "2017-11-05T21:17:42+00:00"
        },
        {
            "name": "wpackagist-plugin/advanced-custom-fields",
            "version": "5.6.4",
            "source": {
                "type": "svn",
                "url": "https://plugins.svn.wordpress.org/advanced-custom-fields/",
                "reference": "tags/5.6.4"
            },
            "dist": {
                "type": "zip",
                "url": "https://downloads.wordpress.org/plugin/advanced-custom-fields.5.6.4.zip",
                "reference": null,
                "shasum": null
            },
            "require": {
                "composer/installers": "~1.0"
            },
            "type": "wordpress-plugin",
            "homepage": "https://wordpress.org/plugins/advanced-custom-fields/"
        },
        {
            "name": "wpackagist-plugin/theme-my-login",
            "version": "6.4.9",
            "source": {
                "type": "svn",
                "url": "https://plugins.svn.wordpress.org/theme-my-login/",
                "reference": "tags/6.4.9"
            },
            "dist": {
                "type": "zip",
                "url": "https://downloads.wordpress.org/plugin/theme-my-login.6.4.9.zip",
                "reference": null,
                "shasum": null
            },
            "require": {
                "composer/installers": "~1.0"
            },
            "type": "wordpress-plugin",
            "homepage": "https://wordpress.org/plugins/theme-my-login/"
        },
        {
            "name": "wpackagist-plugin/timber-library",
            "version": "1.5.2",
            "source": {
                "type": "svn",
                "url": "https://plugins.svn.wordpress.org/timber-library/",
                "reference": "tags/1.5.2"
            },
            "dist": {
                "type": "zip",
                "url": "https://downloads.wordpress.org/plugin/timber-library.1.5.2.zip",
                "reference": null,
                "shasum": null
            },
            "require": {
                "composer/installers": "~1.0"
            },
            "type": "wordpress-plugin",
            "homepage": "https://wordpress.org/plugins/timber-library/"
        },
        {
            "name": "wpackagist-plugin/wp-postviews",
            "version": "1.75",
            "source": {
                "type": "svn",
                "url": "https://plugins.svn.wordpress.org/wp-postviews/",
                "reference": "tags/1.75"
            },
            "dist": {
                "type": "zip",
                "url": "https://downloads.wordpress.org/plugin/wp-postviews.1.75.zip",
                "reference": null,
                "shasum": null
            },
            "require": {
                "composer/installers": "~1.0"
            },
            "type": "wordpress-plugin",
            "homepage": "https://wordpress.org/plugins/wp-postviews/"
        }
    ],
    "packages-dev": [],
    "aliases": [],
    "minimum-stability": "stable",
    "stability-flags": [],
    "prefer-stable": true,
    "prefer-lowest": false,
    "platform": [],
    "platform-dev": []
}
