{
    "_readme": [
        "This file locks the dependencies of your project to a known state",
        "Read more about it at https://getcomposer.org/doc/01-basic-usage.md#composer-lock-the-lock-file",
        "This file is @generated automatically"
    ],
    "hash": "d420188047614716828d826de72c21e0",
    "content-hash": "5f0b04172b4d39a1f42689b6c48b38ec",
    "packages": [
        {
            "name": "bower-asset/bootstrap",
            "version": "v3.3.6",
            "source": {
                "type": "git",
                "url": "https://github.com/twbs/bootstrap.git",
                "reference": "81df608a40bf0629a1dc08e584849bb1e43e0b7a"
            },
            "dist": {
                "type": "zip",
                "url": "https://api.github.com/repos/twbs/bootstrap/zipball/81df608a40bf0629a1dc08e584849bb1e43e0b7a",
                "reference": "81df608a40bf0629a1dc08e584849bb1e43e0b7a",
                "shasum": ""
            },
            "require": {
                "bower-asset/jquery": ">=1.9.1,<=2"
            },
            "type": "bower-asset-library",
            "extra": {
                "bower-asset-main": [
                    "less/bootstrap.less",
                    "dist/js/bootstrap.js"
                ],
                "bower-asset-ignore": [
                    "/.*",
                    "_config.yml",
                    "CNAME",
                    "composer.json",
                    "CONTRIBUTING.md",
                    "docs",
                    "js/tests",
                    "test-infra"
                ]
            },
            "license": [
                "MIT"
            ],
            "description": "The most popular front-end framework for developing responsive, mobile first projects on the web.",
            "keywords": [
                "css",
                "framework",
                "front-end",
                "js",
                "less",
                "mobile-first",
                "responsive",
                "web"
            ]
        },
        {
            "name": "bower-asset/html5shiv",
            "version": "3.7.3",
            "source": {
                "type": "git",
                "url": "https://github.com/aFarkas/html5shiv.git",
                "reference": "ed28c56c071bddfe7d635ad88995674957a016be"
            },
            "dist": {
                "type": "zip",
                "url": "https://api.github.com/repos/aFarkas/html5shiv/zipball/ed28c56c071bddfe7d635ad88995674957a016be",
                "reference": "ed28c56c071bddfe7d635ad88995674957a016be",
                "shasum": ""
            },
            "type": "bower-asset-library",
            "extra": {
                "bower-asset-main": [
                    "dist/html5shiv.js"
                ],
                "bower-asset-ignore": [
                    "**/.*",
                    "composer.json",
                    "test",
                    "build",
                    "src",
                    "build.xml"
                ]
            }
        },
        {
            "name": "bower-asset/jquery",
            "version": "2.0.0",
            "source": {
                "type": "git",
                "url": "https://github.com/jquery/jquery-dist.git",
                "reference": "a55c5eeb709b584f58a1f3d8d0bc9f1432cd998a"
            },
            "dist": {
                "type": "zip",
                "url": "https://api.github.com/repos/jquery/jquery-dist/zipball/a55c5eeb709b584f58a1f3d8d0bc9f1432cd998a",
                "reference": "a55c5eeb709b584f58a1f3d8d0bc9f1432cd998a",
                "shasum": ""
            },
            "type": "bower-asset-library",
            "extra": {
                "bower-asset-main": "jquery.js"
            },
            "license": [
                "MIT"
            ],
            "description": "jQuery component",
            "keywords": [
                "component",
                "jquery"
            ]
        },
        {
            "name": "bower-asset/normalize.css",
            "version": "3.0.3",
            "source": {
                "type": "git",
                "url": "https://github.com/necolas/normalize.css.git",
                "reference": "2bdda84272650aedfb45d8abe11a6d177933a803"
            },
            "dist": {
                "type": "zip",
                "url": "https://api.github.com/repos/necolas/normalize.css/zipball/2bdda84272650aedfb45d8abe11a6d177933a803",
                "reference": "2bdda84272650aedfb45d8abe11a6d177933a803",
                "shasum": ""
            },
            "type": "bower-asset-library",
            "extra": {
                "bower-asset-main": "normalize.css",
                "bower-asset-ignore": [
                    "CHANGELOG.md",
                    "CONTRIBUTING.md",
                    "component.json",
                    "package.json",
                    "test.html"
                ]
            }
        },
        {
            "name": "bower-asset/respond",
            "version": "1.4.2",
            "source": {
                "type": "git",
                "url": "https://github.com/scottjehl/Respond.git",
                "reference": "20b7f4a192bb910c8c7e067b961de38519d334e4"
            },
            "dist": {
                "type": "zip",
                "url": "https://api.github.com/repos/scottjehl/Respond/zipball/20b7f4a192bb910c8c7e067b961de38519d334e4",
                "reference": "20b7f4a192bb910c8c7e067b961de38519d334e4",
                "shasum": ""
            },
            "type": "bower-asset-library",
            "extra": {
                "bower-asset-main": "dest/respond.src.js",
                "bower-asset-ignore": [
                    "**/.*",
                    "test"
                ]
            },
            "description": "Fast and lightweight polyfill for min/max-width CSS3 Media Queries (for IE 6-8, and more)"
        },
        {
            "name": "fxp/composer-asset-plugin",
            "version": "v1.1.2",
            "source": {
                "type": "git",
                "url": "https://github.com/francoispluchino/composer-asset-plugin.git",
                "reference": "bae7a15712e9339a2439aeca3b7c5ecf65b087d1"
            },
            "dist": {
                "type": "zip",
                "url": "https://api.github.com/repos/francoispluchino/composer-asset-plugin/zipball/bae7a15712e9339a2439aeca3b7c5ecf65b087d1",
                "reference": "bae7a15712e9339a2439aeca3b7c5ecf65b087d1",
                "shasum": ""
            },
            "require": {
                "composer-plugin-api": "^1.0",
                "php": ">=5.3.3"
            },
            "require-dev": {
                "composer/composer": "~1.0@dev"
            },
            "type": "composer-plugin",
            "extra": {
                "class": "Fxp\\Composer\\AssetPlugin\\FxpAssetPlugin",
                "branch-alias": {
                    "dev-master": "1.1-dev"
                }
            },
            "autoload": {
                "psr-4": {
                    "Fxp\\Composer\\AssetPlugin\\": ""
                }
            },
            "notification-url": "https://packagist.org/downloads/",
            "license": [
                "MIT"
            ],
            "authors": [
                {
                    "name": "François Pluchino",
                    "email": "francois.pluchino@gmail.com"
                }
            ],
            "description": "NPM/Bower Dependency Manager for Composer",
            "homepage": "https://github.com/francoispluchino/composer-asset-plugin",
            "keywords": [
                "asset",
                "bower",
                "composer",
                "dependency manager",
                "nodejs",
                "npm",
                "package"
            ],
            "time": "2016-02-25 16:35:08"
        },
        {
            "name": "salaros/mr-press-theme",
            "version": "0.4.0",
            "source": {
                "type": "git",
                "url": "https://github.com/salaros/mr-press-theme.git",
                "reference": "0e1900c9caf063f4ce7c141a15cacfdcc79c1757"
            },
            "dist": {
                "type": "zip",
                "url": "https://api.github.com/repos/salaros/mr-press-theme/zipball/0e1900c9caf063f4ce7c141a15cacfdcc79c1757",
                "reference": "0e1900c9caf063f4ce7c141a15cacfdcc79c1757",
                "shasum": ""
            },
            "type": "wordpress-theme",
            "autoload": {
                "psr-4": {
                    "Salaros\\Wordpress\\Template\\": "classes/"
                }
            },
            "notification-url": "https://packagist.org/downloads/",
            "license": [
                "MIT"
            ],
            "authors": [
                {
                    "name": "Upstatement team",
                    "homepage": "http://upstatement.com",
                    "role": "Author"
                },
                {
                    "name": "Zhmayev Yaroslav",
                    "email": "salaros@salaros.com",
                    "homepage": "https://github.com/salaros",
                    "role": "Developer"
                }
            ],
            "description": "Makes part of Mr. Press project. You should not change its code, please use 'mr-press-theme-child' instead",
            "time": "2016-03-21 20:56:27"
        }
    ],
    "packages-dev": [],
    "aliases": [],
    "minimum-stability": "stable",
    "stability-flags": [],
    "prefer-stable": true,
    "prefer-lowest": false,
    "platform": [],
    "platform-dev": []
}
